// !$*UTF8*$!
{
	archiveVersion = 1;
	classes = {
	};
	objectVersion = 50;
	objects = {

/* Begin PBXBuildFile section */
		F5FF21F72121FD56002622CD /* AppDelegate.swift in Sources */ = {isa = PBXBuildFile; fileRef = F5FF21F62121FD56002622CD /* AppDelegate.swift */; };
		F5FF21FC2121FD56002622CD /* Main.storyboard in Resources */ = {isa = PBXBuildFile; fileRef = F5FF21FA2121FD56002622CD /* Main.storyboard */; };
		F5FF21FE2121FD57002622CD /* Assets.xcassets in Resources */ = {isa = PBXBuildFile; fileRef = F5FF21FD2121FD57002622CD /* Assets.xcassets */; };
		F5FF22012121FD57002622CD /* LaunchScreen.storyboard in Resources */ = {isa = PBXBuildFile; fileRef = F5FF21FF2121FD57002622CD /* LaunchScreen.storyboard */; };
		F5FF220C2121FD57002622CD /* WorldTrotterTests.swift in Sources */ = {isa = PBXBuildFile; fileRef = F5FF220B2121FD57002622CD /* WorldTrotterTests.swift */; };
		F5FF22172121FD57002622CD /* WorldTrotterUITests.swift in Sources */ = {isa = PBXBuildFile; fileRef = F5FF22162121FD57002622CD /* WorldTrotterUITests.swift */; };
		F5FF222521222913002622CD /* ConversionViewController.swift in Sources */ = {isa = PBXBuildFile; fileRef = F5FF222421222913002622CD /* ConversionViewController.swift */; };
		F5FF222821230F25002622CD /* MapKit.framework in Frameworks */ = {isa = PBXBuildFile; fileRef = F5FF222721230F25002622CD /* MapKit.framework */; };
		F5FF222A212318CD002622CD /* MapViewController.swift in Sources */ = {isa = PBXBuildFile; fileRef = F5FF2229212318CD002622CD /* MapViewController.swift */; };
/* End PBXBuildFile section */

/* Begin PBXContainerItemProxy section */
		F5FF22082121FD57002622CD /* PBXContainerItemProxy */ = {
			isa = PBXContainerItemProxy;
			containerPortal = F5FF21EB2121FD56002622CD /* Project object */;
			proxyType = 1;
			remoteGlobalIDString = F5FF21F22121FD56002622CD;
			remoteInfo = WorldTrotter;
		};
		F5FF22132121FD57002622CD /* PBXContainerItemProxy */ = {
			isa = PBXContainerItemProxy;
			containerPortal = F5FF21EB2121FD56002622CD /* Project object */;
			proxyType = 1;
			remoteGlobalIDString = F5FF21F22121FD56002622CD;
			remoteInfo = WorldTrotter;
		};
/* End PBXContainerItemProxy section */

/* Begin PBXFileReference section */
		F5FF21F32121FD56002622CD /* WorldTrotter.app */ = {isa = PBXFileReference; explicitFileType = wrapper.application; includeInIndex = 0; path = WorldTrotter.app; sourceTree = BUILT_PRODUCTS_DIR; };
		F5FF21F62121FD56002622CD /* AppDelegate.swift */ = {isa = PBXFileReference; lastKnownFileType = sourcecode.swift; path = AppDelegate.swift; sourceTree = "<group>"; };
		F5FF21FB2121FD56002622CD /* Base */ = {isa = PBXFileReference; lastKnownFileType = file.storyboard; name = Base; path = Base.lproj/Main.storyboard; sourceTree = "<group>"; };
		F5FF21FD2121FD57002622CD /* Assets.xcassets */ = {isa = PBXFileReference; lastKnownFileType = folder.assetcatalog; path = Assets.xcassets; sourceTree = "<group>"; };
		F5FF22002121FD57002622CD /* Base */ = {isa = PBXFileReference; lastKnownFileType = file.storyboard; name = Base; path = Base.lproj/LaunchScreen.storyboard; sourceTree = "<group>"; };
		F5FF22022121FD57002622CD /* Info.plist */ = {isa = PBXFileReference; lastKnownFileType = text.plist.xml; path = Info.plist; sourceTree = "<group>"; };
		F5FF22072121FD57002622CD /* WorldTrotterTests.xctest */ = {isa = PBXFileReference; explicitFileType = wrapper.cfbundle; includeInIndex = 0; path = WorldTrotterTests.xctest; sourceTree = BUILT_PRODUCTS_DIR; };
		F5FF220B2121FD57002622CD /* WorldTrotterTests.swift */ = {isa = PBXFileReference; lastKnownFileType = sourcecode.swift; path = WorldTrotterTests.swift; sourceTree = "<group>"; };
		F5FF220D2121FD57002622CD /* Info.plist */ = {isa = PBXFileReference; lastKnownFileType = text.plist.xml; path = Info.plist; sourceTree = "<group>"; };
		F5FF22122121FD57002622CD /* WorldTrotterUITests.xctest */ = {isa = PBXFileReference; explicitFileType = wrapper.cfbundle; includeInIndex = 0; path = WorldTrotterUITests.xctest; sourceTree = BUILT_PRODUCTS_DIR; };
		F5FF22162121FD57002622CD /* WorldTrotterUITests.swift */ = {isa = PBXFileReference; lastKnownFileType = sourcecode.swift; path = WorldTrotterUITests.swift; sourceTree = "<group>"; };
		F5FF22182121FD57002622CD /* Info.plist */ = {isa = PBXFileReference; lastKnownFileType = text.plist.xml; path = Info.plist; sourceTree = "<group>"; };
		F5FF222421222913002622CD /* ConversionViewController.swift */ = {isa = PBXFileReference; fileEncoding = 4; lastKnownFileType = sourcecode.swift; path = ConversionViewController.swift; sourceTree = "<group>"; };
		F5FF222721230F25002622CD /* MapKit.framework */ = {isa = PBXFileReference; lastKnownFileType = wrapper.framework; name = MapKit.framework; path = System/Library/Frameworks/MapKit.framework; sourceTree = SDKROOT; };
		F5FF2229212318CD002622CD /* MapViewController.swift */ = {isa = PBXFileReference; lastKnownFileType = sourcecode.swift; path = MapViewController.swift; sourceTree = "<group>"; };
/* End PBXFileReference section */

/* Begin PBXFrameworksBuildPhase section */
		F5FF21F02121FD56002622CD /* Frameworks */ = {
			isa = PBXFrameworksBuildPhase;
			buildActionMask = 2147483647;
			files = (
				F5FF222821230F25002622CD /* MapKit.framework in Frameworks */,
			);
			runOnlyForDeploymentPostprocessing = 0;
		};
		F5FF22042121FD57002622CD /* Frameworks */ = {
			isa = PBXFrameworksBuildPhase;
			buildActionMask = 2147483647;
			files = (
			);
			runOnlyForDeploymentPostprocessing = 0;
		};
		F5FF220F2121FD57002622CD /* Frameworks */ = {
			isa = PBXFrameworksBuildPhase;
			buildActionMask = 2147483647;
			files = (
			);
			runOnlyForDeploymentPostprocessing = 0;
		};
/* End PBXFrameworksBuildPhase section */

/* Begin PBXGroup section */
		F5FF21EA2121FD56002622CD = {
			isa = PBXGroup;
			children = (
				F5FF21F52121FD56002622CD /* WorldTrotter */,
				F5FF220A2121FD57002622CD /* WorldTrotterTests */,
				F5FF22152121FD57002622CD /* WorldTrotterUITests */,
				F5FF21F42121FD56002622CD /* Products */,
				F5FF222621230F25002622CD /* Frameworks */,
			);
			sourceTree = "<group>";
		};
		F5FF21F42121FD56002622CD /* Products */ = {
			isa = PBXGroup;
			children = (
				F5FF21F32121FD56002622CD /* WorldTrotter.app */,
				F5FF22072121FD57002622CD /* WorldTrotterTests.xctest */,
				F5FF22122121FD57002622CD /* WorldTrotterUITests.xctest */,
			);
			name = Products;
			sourceTree = "<group>";
		};
		F5FF21F52121FD56002622CD /* WorldTrotter */ = {
			isa = PBXGroup;
			children = (
				F5FF222421222913002622CD /* ConversionViewController.swift */,
				F5FF21F62121FD56002622CD /* AppDelegate.swift */,
				F5FF21FA2121FD56002622CD /* Main.storyboard */,
				F5FF21FD2121FD57002622CD /* Assets.xcassets */,
				F5FF21FF2121FD57002622CD /* LaunchScreen.storyboard */,
				F5FF22022121FD57002622CD /* Info.plist */,
				F5FF2229212318CD002622CD /* MapViewController.swift */,
			);
			path = WorldTrotter;
			sourceTree = "<group>";
		};
		F5FF220A2121FD57002622CD /* WorldTrotterTests */ = {
			isa = PBXGroup;
			children = (
				F5FF220B2121FD57002622CD /* WorldTrotterTests.swift */,
				F5FF220D2121FD57002622CD /* Info.plist */,
			);
			path = WorldTrotterTests;
			sourceTree = "<group>";
		};
		F5FF22152121FD57002622CD /* WorldTrotterUITests */ = {
			isa = PBXGroup;
			children = (
				F5FF22162121FD57002622CD /* WorldTrotterUITests.swift */,
				F5FF22182121FD57002622CD /* Info.plist */,
			);
			path = WorldTrotterUITests;
			sourceTree = "<group>";
		};
		F5FF222621230F25002622CD /* Frameworks */ = {
			isa = PBXGroup;
			children = (
				F5FF222721230F25002622CD /* MapKit.framework */,
			);
			name = Frameworks;
			sourceTree = "<group>";
		};
/* End PBXGroup section */

/* Begin PBXNativeTarget section */
		F5FF21F22121FD56002622CD /* WorldTrotter */ = {
			isa = PBXNativeTarget;
			buildConfigurationList = F5FF221B2121FD57002622CD /* Build configuration list for PBXNativeTarget "WorldTrotter" */;
			buildPhases = (
				F5FF21EF2121FD56002622CD /* Sources */,
				F5FF21F02121FD56002622CD /* Frameworks */,
				F5FF21F12121FD56002622CD /* Resources */,
			);
			buildRules = (
			);
			dependencies = (
			);
			name = WorldTrotter;
			productName = WorldTrotter;
			productReference = F5FF21F32121FD56002622CD /* WorldTrotter.app */;
			productType = "com.apple.product-type.application";
		};
		F5FF22062121FD57002622CD /* WorldTrotterTests */ = {
			isa = PBXNativeTarget;
			buildConfigurationList = F5FF221E2121FD57002622CD /* Build configuration list for PBXNativeTarget "WorldTrotterTests" */;
			buildPhases = (
				F5FF22032121FD57002622CD /* Sources */,
				F5FF22042121FD57002622CD /* Frameworks */,
				F5FF22052121FD57002622CD /* Resources */,
			);
			buildRules = (
			);
			dependencies = (
				F5FF22092121FD57002622CD /* PBXTargetDependency */,
			);
			name = WorldTrotterTests;
			productName = WorldTrotterTests;
			productReference = F5FF22072121FD57002622CD /* WorldTrotterTests.xctest */;
			productType = "com.apple.product-type.bundle.unit-test";
		};
		F5FF22112121FD57002622CD /* WorldTrotterUITests */ = {
			isa = PBXNativeTarget;
			buildConfigurationList = F5FF22212121FD57002622CD /* Build configuration list for PBXNativeTarget "WorldTrotterUITests" */;
			buildPhases = (
				F5FF220E2121FD57002622CD /* Sources */,
				F5FF220F2121FD57002622CD /* Frameworks */,
				F5FF22102121FD57002622CD /* Resources */,
			);
			buildRules = (
			);
			dependencies = (
				F5FF22142121FD57002622CD /* PBXTargetDependency */,
			);
			name = WorldTrotterUITests;
			productName = WorldTrotterUITests;
			productReference = F5FF22122121FD57002622CD /* WorldTrotterUITests.xctest */;
			productType = "com.apple.product-type.bundle.ui-testing";
		};
/* End PBXNativeTarget section */

/* Begin PBXProject section */
		F5FF21EB2121FD56002622CD /* Project object */ = {
			isa = PBXProject;
			attributes = {
				LastSwiftUpdateCheck = 0940;
				LastUpgradeCheck = 0940;
				ORGANIZATIONNAME = "Jose Pacheco";
				TargetAttributes = {
					F5FF21F22121FD56002622CD = {
						CreatedOnToolsVersion = 9.4.1;
					};
					F5FF22062121FD57002622CD = {
						CreatedOnToolsVersion = 9.4.1;
						TestTargetID = F5FF21F22121FD56002622CD;
					};
					F5FF22112121FD57002622CD = {
						CreatedOnToolsVersion = 9.4.1;
						TestTargetID = F5FF21F22121FD56002622CD;
					};
				};
			};
			buildConfigurationList = F5FF21EE2121FD56002622CD /* Build configuration list for PBXProject "WorldTrotter" */;
			compatibilityVersion = "Xcode 9.3";
			developmentRegion = en;
			hasScannedForEncodings = 0;
			knownRegions = (
				en,
				Base,
			);
			mainGroup = F5FF21EA2121FD56002622CD;
			productRefGroup = F5FF21F42121FD56002622CD /* Products */;
			projectDirPath = "";
			projectRoot = "";
			targets = (
				F5FF21F22121FD56002622CD /* WorldTrotter */,
				F5FF22062121FD57002622CD /* WorldTrotterTests */,
				F5FF22112121FD57002622CD /* WorldTrotterUITests */,
			);
		};
/* End PBXProject section */

/* Begin PBXResourcesBuildPhase section */
		F5FF21F12121FD56002622CD /* Resources */ = {
			isa = PBXResourcesBuildPhase;
			buildActionMask = 2147483647;
			files = (
				F5FF22012121FD57002622CD /* LaunchScreen.storyboard in Resources */,
				F5FF21FE2121FD57002622CD /* Assets.xcassets in Resources */,
				F5FF21FC2121FD56002622CD /* Main.storyboard in Resources */,
			);
			runOnlyForDeploymentPostprocessing = 0;
		};
		F5FF22052121FD57002622CD /* Resources */ = {
			isa = PBXResourcesBuildPhase;
			buildActionMask = 2147483647;
			files = (
			);
			runOnlyForDeploymentPostprocessing = 0;
		};
		F5FF22102121FD57002622CD /* Resources */ = {
			isa = PBXResourcesBuildPhase;
			buildActionMask = 2147483647;
			files = (
			);
			runOnlyForDeploymentPostprocessing = 0;
		};
/* End PBXResourcesBuildPhase section */

/* Begin PBXSourcesBuildPhase section */
		F5FF21EF2121FD56002622CD /* Sources */ = {
			isa = PBXSourcesBuildPhase;
			buildActionMask = 2147483647;
			files = (
				F5FF222521222913002622CD /* ConversionViewController.swift in Sources */,
				F5FF222A212318CD002622CD /* MapViewController.swift in Sources */,
				F5FF21F72121FD56002622CD /* AppDelegate.swift in Sources */,
			);
			runOnlyForDeploymentPostprocessing = 0;
		};
		F5FF22032121FD57002622CD /* Sources */ = {
			isa = PBXSourcesBuildPhase;
			buildActionMask = 2147483647;
			files = (
				F5FF220C2121FD57002622CD /* WorldTrotterTests.swift in Sources */,
			);
			runOnlyForDeploymentPostprocessing = 0;
		};
		F5FF220E2121FD57002622CD /* Sources */ = {
			isa = PBXSourcesBuildPhase;
			buildActionMask = 2147483647;
			files = (
				F5FF22172121FD57002622CD /* WorldTrotterUITests.swift in Sources */,
			);
			runOnlyForDeploymentPostprocessing = 0;
		};
/* End PBXSourcesBuildPhase section */

/* Begin PBXTargetDependency section */
		F5FF22092121FD57002622CD /* PBXTargetDependency */ = {
			isa = PBXTargetDependency;
			target = F5FF21F22121FD56002622CD /* WorldTrotter */;
			targetProxy = F5FF22082121FD57002622CD /* PBXContainerItemProxy */;
		};
		F5FF22142121FD57002622CD /* PBXTargetDependency */ = {
			isa = PBXTargetDependency;
			target = F5FF21F22121FD56002622CD /* WorldTrotter */;
			targetProxy = F5FF22132121FD57002622CD /* PBXContainerItemProxy */;
		};
/* End PBXTargetDependency section */

/* Begin PBXVariantGroup section */
		F5FF21FA2121FD56002622CD /* Main.storyboard */ = {
			isa = PBXVariantGroup;
			children = (
				F5FF21FB2121FD56002622CD /* Base */,
			);
			name = Main.storyboard;
			sourceTree = "<group>";
		};
		F5FF21FF2121FD57002622CD /* LaunchScreen.storyboard */ = {
			isa = PBXVariantGroup;
			children = (
				F5FF22002121FD57002622CD /* Base */,
			);
			name = LaunchScreen.storyboard;
			sourceTree = "<group>";
		};
/* End PBXVariantGroup section */

/* Begin XCBuildConfiguration section */
		F5FF22192121FD57002622CD /* Debug */ = {
			isa = XCBuildConfiguration;
			buildSettings = {
				ALWAYS_SEARCH_USER_PATHS = NO;
				CLANG_ANALYZER_NONNULL = YES;
				CLANG_ANALYZER_NUMBER_OBJECT_CONVERSION = YES_AGGRESSIVE;
				CLANG_CXX_LANGUAGE_STANDARD = "gnu++14";
				CLANG_CXX_LIBRARY = "libc++";
				CLANG_ENABLE_MODULES = YES;
				CLANG_ENABLE_OBJC_ARC = YES;
				CLANG_ENABLE_OBJC_WEAK = YES;
				CLANG_WARN_BLOCK_CAPTURE_AUTORELEASING = YES;
				CLANG_WARN_BOOL_CONVERSION = YES;
				CLANG_WARN_COMMA = YES;
				CLANG_WARN_CONSTANT_CONVERSION = YES;
				CLANG_WARN_DEPRECATED_OBJC_IMPLEMENTATIONS = YES;
				CLANG_WARN_DIRECT_OBJC_ISA_USAGE = YES_ERROR;
				CLANG_WARN_DOCUMENTATION_COMMENTS = YES;
				CLANG_WARN_EMPTY_BODY = YES;
				CLANG_WARN_ENUM_CONVERSION = YES;
				CLANG_WARN_INFINITE_RECURSION = YES;
				CLANG_WARN_INT_CONVERSION = YES;
				CLANG_WARN_NON_LITERAL_NULL_CONVERSION = YES;
				CLANG_WARN_OBJC_IMPLICIT_RETAIN_SELF = YES;
				CLANG_WARN_OBJC_LITERAL_CONVERSION = YES;
				CLANG_WARN_OBJC_ROOT_CLASS = YES_ERROR;
				CLANG_WARN_RANGE_LOOP_ANALYSIS = YES;
				CLANG_WARN_STRICT_PROTOTYPES = YES;
				CLANG_WARN_SUSPICIOUS_MOVE = YES;
				CLANG_WARN_UNGUARDED_AVAILABILITY = YES_AGGRESSIVE;
				CLANG_WARN_UNREACHABLE_CODE = YES;
				CLANG_WARN__DUPLICATE_METHOD_MATCH = YES;
				CODE_SIGN_IDENTITY = "iPhone Developer";
				COPY_PHASE_STRIP = NO;
				DEBUG_INFORMATION_FORMAT = dwarf;
				ENABLE_STRICT_OBJC_MSGSEND = YES;
				ENABLE_TESTABILITY = YES;
				GCC_C_LANGUAGE_STANDARD = gnu11;
				GCC_DYNAMIC_NO_PIC = NO;
				GCC_NO_COMMON_BLOCKS = YES;
				GCC_OPTIMIZATION_LEVEL = 0;
				GCC_PREPROCESSOR_DEFINITIONS = (
					"DEBUG=1",
					"$(inherited)",
				);
				GCC_WARN_64_TO_32_BIT_CONVERSION = YES;
				GCC_WARN_ABOUT_RETURN_TYPE = YES_ERROR;
				GCC_WARN_UNDECLARED_SELECTOR = YES;
				GCC_WARN_UNINITIALIZED_AUTOS = YES_AGGRESSIVE;
				GCC_WARN_UNUSED_FUNCTION = YES;
				GCC_WARN_UNUSED_VARIABLE = YES;
				IPHONEOS_DEPLOYMENT_TARGET = 11.4;
				MTL_ENABLE_DEBUG_INFO = YES;
				ONLY_ACTIVE_ARCH = YES;
				SDKROOT = iphoneos;
				SWIFT_ACTIVE_COMPILATION_CONDITIONS = DEBUG;
				SWIFT_OPTIMIZATION_LEVEL = "-Onone";
			};
			name = Debug;
		};
		F5FF221A2121FD57002622CD /* Release */ = {
			isa = XCBuildConfiguration;
			buildSettings = {
				ALWAYS_SEARCH_USER_PATHS = NO;
				CLANG_ANALYZER_NONNULL = YES;
				CLANG_ANALYZER_NUMBER_OBJECT_CONVERSION = YES_AGGRESSIVE;
				CLANG_CXX_LANGUAGE_STANDARD = "gnu++14";
				CLANG_CXX_LIBRARY = "libc++";
				CLANG_ENABLE_MODULES = YES;
				CLANG_ENABLE_OBJC_ARC = YES;
				CLANG_ENABLE_OBJC_WEAK = YES;
				CLANG_WARN_BLOCK_CAPTURE_AUTORELEASING = YES;
				CLANG_WARN_BOOL_CONVERSION = YES;
				CLANG_WARN_COMMA = YES;
				CLANG_WARN_CONSTANT_CONVERSION = YES;
				CLANG_WARN_DEPRECATED_OBJC_IMPLEMENTATIONS = YES;
				CLANG_WARN_DIRECT_OBJC_ISA_USAGE = YES_ERROR;
				CLANG_WARN_DOCUMENTATION_COMMENTS = YES;
				CLANG_WARN_EMPTY_BODY = YES;
				CLANG_WARN_ENUM_CONVERSION = YES;
				CLANG_WARN_INFINITE_RECURSION = YES;
				CLANG_WARN_INT_CONVERSION = YES;
				CLANG_WARN_NON_LITERAL_NULL_CONVERSION = YES;
				CLANG_WARN_OBJC_IMPLICIT_RETAIN_SELF = YES;
				CLANG_WARN_OBJC_LITERAL_CONVERSION = YES;
				CLANG_WARN_OBJC_ROOT_CLASS = YES_ERROR;
				CLANG_WARN_RANGE_LOOP_ANALYSIS = YES;
				CLANG_WARN_STRICT_PROTOTYPES = YES;
				CLANG_WARN_SUSPICIOUS_MOVE = YES;
				CLANG_WARN_UNGUARDED_AVAILABILITY = YES_AGGRESSIVE;
				CLANG_WARN_UNREACHABLE_CODE = YES;
				CLANG_WARN__DUPLICATE_METHOD_MATCH = YES;
				CODE_SIGN_IDENTITY = "iPhone Developer";
				COPY_PHASE_STRIP = NO;
				DEBUG_INFORMATION_FORMAT = "dwarf-with-dsym";
				ENABLE_NS_ASSERTIONS = NO;
				ENABLE_STRICT_OBJC_MSGSEND = YES;
				GCC_C_LANGUAGE_STANDARD = gnu11;
				GCC_NO_COMMON_BLOCKS = YES;
				GCC_WARN_64_TO_32_BIT_CONVERSION = YES;
				GCC_WARN_ABOUT_RETURN_TYPE = YES_ERROR;
				GCC_WARN_UNDECLARED_SELECTOR = YES;
				GCC_WARN_UNINITIALIZED_AUTOS = YES_AGGRESSIVE;
				GCC_WARN_UNUSED_FUNCTION = YES;
				GCC_WARN_UNUSED_VARIABLE = YES;
				IPHONEOS_DEPLOYMENT_TARGET = 11.4;
				MTL_ENABLE_DEBUG_INFO = NO;
				SDKROOT = iphoneos;
				SWIFT_COMPILATION_MODE = wholemodule;
				SWIFT_OPTIMIZATION_LEVEL = "-O";
				VALIDATE_PRODUCT = YES;
			};
			name = Release;
		};
		F5FF221C2121FD57002622CD /* Debug */ = {
			isa = XCBuildConfiguration;
			buildSettings = {
				ASSETCATALOG_COMPILER_APPICON_NAME = AppIcon;
				CODE_SIGN_STYLE = Automatic;
				DEVELOPMENT_TEAM = J9GALU497J;
				INFOPLIST_FILE = WorldTrotter/Info.plist;
				LD_RUNPATH_SEARCH_PATHS = (
					"$(inherited)",
					"@executable_path/Frameworks",
				);
				PRODUCT_BUNDLE_IDENTIFIER = com.jopache.WorldTrotter;
				PRODUCT_NAME = "$(TARGET_NAME)";
				SWIFT_VERSION = 4.0;
				TARGETED_DEVICE_FAMILY = "1,2";
			};
			name = Debug;
		};
		F5FF221D2121FD57002622CD /* Release */ = {
			isa = XCBuildConfiguration;
			buildSettings = {
				ASSETCATALOG_COMPILER_APPICON_NAME = AppIcon;
				CODE_SIGN_STYLE = Automatic;
				DEVELOPMENT_TEAM = J9GALU497J;
				INFOPLIST_FILE = WorldTrotter/Info.plist;
				LD_RUNPATH_SEARCH_PATHS = (
					"$(inherited)",
					"@executable_path/Frameworks",
				);
				PRODUCT_BUNDLE_IDENTIFIER = com.jopache.WorldTrotter;
				PRODUCT_NAME = "$(TARGET_NAME)";
				SWIFT_VERSION = 4.0;
				TARGETED_DEVICE_FAMILY = "1,2";
			};
			name = Release;
		};
		F5FF221F2121FD57002622CD /* Debug */ = {
			isa = XCBuildConfiguration;
			buildSettings = {
				ALWAYS_EMBED_SWIFT_STANDARD_LIBRARIES = YES;
				BUNDLE_LOADER = "$(TEST_HOST)";
				CODE_SIGN_STYLE = Automatic;
				INFOPLIST_FILE = WorldTrotterTests/Info.plist;
				LD_RUNPATH_SEARCH_PATHS = (
					"$(inherited)",
					"@executable_path/Frameworks",
					"@loader_path/Frameworks",
				);
				PRODUCT_BUNDLE_IDENTIFIER = com.jopache.WorldTrotterTests;
				PRODUCT_NAME = "$(TARGET_NAME)";
				SWIFT_VERSION = 4.0;
				TARGETED_DEVICE_FAMILY = "1,2";
				TEST_HOST = "$(BUILT_PRODUCTS_DIR)/WorldTrotter.app/WorldTrotter";
			};
			name = Debug;
		};
		F5FF22202121FD57002622CD /* Release */ = {
			isa = XCBuildConfiguration;
			buildSettings = {
				ALWAYS_EMBED_SWIFT_STANDARD_LIBRARIES = YES;
				BUNDLE_LOADER = "$(TEST_HOST)";
				CODE_SIGN_STYLE = Automatic;
				INFOPLIST_FILE = WorldTrotterTests/Info.plist;
				LD_RUNPATH_SEARCH_PATHS = (
					"$(inherited)",
					"@executable_path/Frameworks",
					"@loader_path/Frameworks",
				);
				PRODUCT_BUNDLE_IDENTIFIER = com.jopache.WorldTrotterTests;
				PRODUCT_NAME = "$(TARGET_NAME)";
				SWIFT_VERSION = 4.0;
				TARGETED_DEVICE_FAMILY = "1,2";
				TEST_HOST = "$(BUILT_PRODUCTS_DIR)/WorldTrotter.app/WorldTrotter";
			};
			name = Release;
		};
		F5FF22222121FD57002622CD /* Debug */ = {
			isa = XCBuildConfiguration;
			buildSettings = {
				ALWAYS_EMBED_SWIFT_STANDARD_LIBRARIES = YES;
				CODE_SIGN_STYLE = Automatic;
				INFOPLIST_FILE = WorldTrotterUITests/Info.plist;
				LD_RUNPATH_SEARCH_PATHS = (
					"$(inherited)",
					"@executable_path/Frameworks",
					"@loader_path/Frameworks",
				);
				PRODUCT_BUNDLE_IDENTIFIER = com.jopache.WorldTrotterUITests;
				PRODUCT_NAME = "$(TARGET_NAME)";
				SWIFT_VERSION = 4.0;
				TARGETED_DEVICE_FAMILY = "1,2";
				TEST_TARGET_NAME = WorldTrotter;
			};
			name = Debug;
		};
		F5FF22232121FD57002622CD /* Release */ = {
			isa = XCBuildConfiguration;
			buildSettings = {
				ALWAYS_EMBED_SWIFT_STANDARD_LIBRARIES = YES;
				CODE_SIGN_STYLE = Automatic;
				INFOPLIST_FILE = WorldTrotterUITests/Info.plist;
				LD_RUNPATH_SEARCH_PATHS = (
					"$(inherited)",
					"@executable_path/Frameworks",
					"@loader_path/Frameworks",
				);
				PRODUCT_BUNDLE_IDENTIFIER = com.jopache.WorldTrotterUITests;
				PRODUCT_NAME = "$(TARGET_NAME)";
				SWIFT_VERSION = 4.0;
				TARGETED_DEVICE_FAMILY = "1,2";
				TEST_TARGET_NAME = WorldTrotter;
			};
			name = Release;
		};
/* End XCBuildConfiguration section */

/* Begin XCConfigurationList section */
		F5FF21EE2121FD56002622CD /* Build configuration list for PBXProject "WorldTrotter" */ = {
			isa = XCConfigurationList;
			buildConfigurations = (
				F5FF22192121FD57002622CD /* Debug */,
				F5FF221A2121FD57002622CD /* Release */,
			);
			defaultConfigurationIsVisible = 0;
			defaultConfigurationName = Release;
		};
		F5FF221B2121FD57002622CD /* Build configuration list for PBXNativeTarget "WorldTrotter" */ = {
			isa = XCConfigurationList;
			buildConfigurations = (
				F5FF221C2121FD57002622CD /* Debug */,
				F5FF221D2121FD57002622CD /* Release */,
			);
			defaultConfigurationIsVisible = 0;
			defaultConfigurationName = Release;
		};
		F5FF221E2121FD57002622CD /* Build configuration list for PBXNativeTarget "WorldTrotterTests" */ = {
			isa = XCConfigurationList;
			buildConfigurations = (
				F5FF221F2121FD57002622CD /* Debug */,
				F5FF22202121FD57002622CD /* Release */,
			);
			defaultConfigurationIsVisible = 0;
			defaultConfigurationName = Release;
		};
		F5FF22212121FD57002622CD /* Build configuration list for PBXNativeTarget "WorldTrotterUITests" */ = {
			isa = XCConfigurationList;
			buildConfigurations = (
				F5FF22222121FD57002622CD /* Debug */,
				F5FF22232121FD57002622CD /* Release */,
			);
			defaultConfigurationIsVisible = 0;
			defaultConfigurationName = Release;
		};
/* End XCConfigurationList section */
	};
	rootObject = F5FF21EB2121FD56002622CD /* Project object */;
}
